// !$*UTF8*$!
{
	archiveVersion = 1;
	classes = {
	};
	objectVersion = 50;
	objects = {

/* Begin PBXBuildFile section */
		CC41C22225DD3FA10057D0C9 /* AppDelegate.swift in Sources */ = {isa = PBXBuildFile; fileRef = CC41C22125DD3FA10057D0C9 /* AppDelegate.swift */; };
		CC41C22425DD3FA10057D0C9 /* SceneDelegate.swift in Sources */ = {isa = PBXBuildFile; fileRef = CC41C22325DD3FA10057D0C9 /* SceneDelegate.swift */; };
		CC41C22925DD3FA10057D0C9 /* Main.storyboard in Resources */ = {isa = PBXBuildFile; fileRef = CC41C22725DD3FA10057D0C9 /* Main.storyboard */; };
		CC41C22B25DD3FA30057D0C9 /* Assets.xcassets in Resources */ = {isa = PBXBuildFile; fileRef = CC41C22A25DD3FA30057D0C9 /* Assets.xcassets */; };
		CC41C22E25DD3FA30057D0C9 /* LaunchScreen.storyboard in Resources */ = {isa = PBXBuildFile; fileRef = CC41C22C25DD3FA30057D0C9 /* LaunchScreen.storyboard */; };
		CC41C23925DD3FA30057D0C9 /* MangoMarvelAppTests.swift in Sources */ = {isa = PBXBuildFile; fileRef = CC41C23825DD3FA30057D0C9 /* MangoMarvelAppTests.swift */; };
		CC41C24425DD3FA30057D0C9 /* MangoMarvelAppUITests.swift in Sources */ = {isa = PBXBuildFile; fileRef = CC41C24325DD3FA30057D0C9 /* MangoMarvelAppUITests.swift */; };
		F34FA84629814A9A00E985C7 /* RequestHandler.swift in Sources */ = {isa = PBXBuildFile; fileRef = F34FA84529814A9A00E985C7 /* RequestHandler.swift */; };
		F34FA84829814ACF00E985C7 /* APIErrors.swift in Sources */ = {isa = PBXBuildFile; fileRef = F34FA84729814ACF00E985C7 /* APIErrors.swift */; };
		F34FA84A29814C4000E985C7 /* Environment.swift in Sources */ = {isa = PBXBuildFile; fileRef = F34FA84929814C4000E985C7 /* Environment.swift */; };
		F34FA84C29814DF800E985C7 /* EndpointRepresentable.swift in Sources */ = {isa = PBXBuildFile; fileRef = F34FA84B29814DF800E985C7 /* EndpointRepresentable.swift */; };
		F34FA84E298150CA00E985C7 /* ComicsCollectionViewController.swift in Sources */ = {isa = PBXBuildFile; fileRef = F34FA84D298150CA00E985C7 /* ComicsCollectionViewController.swift */; };
		F34FA851298151D300E985C7 /* ComicsPresenter.swift in Sources */ = {isa = PBXBuildFile; fileRef = F34FA850298151D300E985C7 /* ComicsPresenter.swift */; };
		F34FA8532981530F00E985C7 /* ComicsProvider.swift in Sources */ = {isa = PBXBuildFile; fileRef = F34FA8522981530F00E985C7 /* ComicsProvider.swift */; };
		F34FA855298154B900E985C7 /* ComicsCollectionService.swift in Sources */ = {isa = PBXBuildFile; fileRef = F34FA854298154B900E985C7 /* ComicsCollectionService.swift */; };
		F34FA8582981585700E985C7 /* RestClient.swift in Sources */ = {isa = PBXBuildFile; fileRef = F34FA8572981585700E985C7 /* RestClient.swift */; };
		F34FA85A29815DDE00E985C7 /* ModulesCordinator.swift in Sources */ = {isa = PBXBuildFile; fileRef = F34FA85929815DDE00E985C7 /* ModulesCordinator.swift */; };
		F34FA85C29816E2C00E985C7 /* ComicsEndpoint.swift in Sources */ = {isa = PBXBuildFile; fileRef = F34FA85B29816E2C00E985C7 /* ComicsEndpoint.swift */; };
		F34FA85F29816EA100E985C7 /* APIResponse.swift in Sources */ = {isa = PBXBuildFile; fileRef = F34FA85E29816EA100E985C7 /* APIResponse.swift */; };
		F34FA861298180E400E985C7 /* Encrypt.swift in Sources */ = {isa = PBXBuildFile; fileRef = F34FA860298180E400E985C7 /* Encrypt.swift */; };
		F34FA8642981904600E985C7 /* ComicCollectionViewCell.swift in Sources */ = {isa = PBXBuildFile; fileRef = F34FA8632981904600E985C7 /* ComicCollectionViewCell.swift */; };
		F34FAD452981949800E985C7 /* UIView+extension.swift in Sources */ = {isa = PBXBuildFile; fileRef = F34FAD442981949800E985C7 /* UIView+extension.swift */; };
		F34FAD492981A52700E985C7 /* ComicDTO.swift in Sources */ = {isa = PBXBuildFile; fileRef = F34FAD482981A52700E985C7 /* ComicDTO.swift */; };
		F34FAD4D2981BE0800E985C7 /* ImageRemote.swift in Sources */ = {isa = PBXBuildFile; fileRef = F34FAD4C2981BE0800E985C7 /* ImageRemote.swift */; };
		F34FAD4F2981E08600E985C7 /* InfoCollectionViewCell.swift in Sources */ = {isa = PBXBuildFile; fileRef = F34FAD4E2981E08600E985C7 /* InfoCollectionViewCell.swift */; };
		F34FAD532982A09D00E985C7 /* LoadMoreCollectionViewCell.swift in Sources */ = {isa = PBXBuildFile; fileRef = F34FAD522982A09D00E985C7 /* LoadMoreCollectionViewCell.swift */; };
		F34FAD572982DCA000E985C7 /* ComicsProviderTests.swift in Sources */ = {isa = PBXBuildFile; fileRef = F34FAD562982DCA000E985C7 /* ComicsProviderTests.swift */; };
		F34FAD5A2982DDFC00E985C7 /* ComicsRemoteServiceStub.swift in Sources */ = {isa = PBXBuildFile; fileRef = F34FAD592982DDFC00E985C7 /* ComicsRemoteServiceStub.swift */; };
		F34FAD5C29832A5A00E985C7 /* Model+extension.swift in Sources */ = {isa = PBXBuildFile; fileRef = F34FAD5B29832A5A00E985C7 /* Model+extension.swift */; };
		F34FAD5E29832B1400E985C7 /* ComicsStateDelegateStub.swift in Sources */ = {isa = PBXBuildFile; fileRef = F34FAD5D29832B1400E985C7 /* ComicsStateDelegateStub.swift */; };
		F34FAD6029832D1E00E985C7 /* ComicsRemoteServiceTests.swift in Sources */ = {isa = PBXBuildFile; fileRef = F34FAD5F29832D1E00E985C7 /* ComicsRemoteServiceTests.swift */; };
		F34FAD6329832D9F00E985C7 /* RequestPerformerStub.swift in Sources */ = {isa = PBXBuildFile; fileRef = F34FAD6229832D9F00E985C7 /* RequestPerformerStub.swift */; };
		F34FAD65298332F000E985C7 /* ComicsPresenterTests.swift in Sources */ = {isa = PBXBuildFile; fileRef = F34FAD64298332F000E985C7 /* ComicsPresenterTests.swift */; };
		F34FAD672983337B00E985C7 /* ComicsProviderStub.swift in Sources */ = {isa = PBXBuildFile; fileRef = F34FAD662983337B00E985C7 /* ComicsProviderStub.swift */; };
		F34FAD6929833CAA00E985C7 /* ModuleCoordinatorTests.swift in Sources */ = {isa = PBXBuildFile; fileRef = F34FAD6829833CAA00E985C7 /* ModuleCoordinatorTests.swift */; };
		F34FAD6B29833E5B00E985C7 /* ComicsEndpointTests.swift in Sources */ = {isa = PBXBuildFile; fileRef = F34FAD6A29833E5B00E985C7 /* ComicsEndpointTests.swift */; };
		F34FAD6E2983BDC900E985C7 /* AppState.swift in Sources */ = {isa = PBXBuildFile; fileRef = F34FAD6D2983BDC900E985C7 /* AppState.swift */; };
		F34FAD722983BF6800E985C7 /* MangoMarvelApp.xcdatamodeld in Sources */ = {isa = PBXBuildFile; fileRef = F34FAD702983BF6800E985C7 /* MangoMarvelApp.xcdatamodeld */; };
		F34FAD742983C00100E985C7 /* FavComicsView.swift in Sources */ = {isa = PBXBuildFile; fileRef = F34FAD732983C00100E985C7 /* FavComicsView.swift */; };
		F34FAD762983C01700E985C7 /* FavComicViewModel.swift in Sources */ = {isa = PBXBuildFile; fileRef = F34FAD752983C01700E985C7 /* FavComicViewModel.swift */; };
		F34FAD7A2983CDA500E985C7 /* ComicCellViewModel.swift in Sources */ = {isa = PBXBuildFile; fileRef = F34FAD792983CDA500E985C7 /* ComicCellViewModel.swift */; };
		F34FAD7D2983E9AE00E985C7 /* ComicsLocalService.swift in Sources */ = {isa = PBXBuildFile; fileRef = F34FAD7C2983E9AE00E985C7 /* ComicsLocalService.swift */; };
		F34FAD812983EA5300E985C7 /* ComicsLocalServiceStub.swift in Sources */ = {isa = PBXBuildFile; fileRef = F34FAD802983EA5300E985C7 /* ComicsLocalServiceStub.swift */; };
		F34FAD832983F4A700E985C7 /* ManagedObjectContextMock.swift in Sources */ = {isa = PBXBuildFile; fileRef = F34FAD822983F4A700E985C7 /* ManagedObjectContextMock.swift */; };
		F34FAD862987BB7900E985C7 /* ComicsResizer.swift in Sources */ = {isa = PBXBuildFile; fileRef = F34FAD852987BB7900E985C7 /* ComicsResizer.swift */; };
		F34FAD882987BCA000E985C7 /* ComicsResizerTests.swift in Sources */ = {isa = PBXBuildFile; fileRef = F34FAD872987BCA000E985C7 /* ComicsResizerTests.swift */; };
/* End PBXBuildFile section */

/* Begin PBXContainerItemProxy section */
		CC41C23525DD3FA30057D0C9 /* PBXContainerItemProxy */ = {
			isa = PBXContainerItemProxy;
			containerPortal = CC41C21625DD3FA00057D0C9 /* Project object */;
			proxyType = 1;
			remoteGlobalIDString = CC41C21D25DD3FA10057D0C9;
			remoteInfo = MangoMarvelApp;
		};
		CC41C24025DD3FA30057D0C9 /* PBXContainerItemProxy */ = {
			isa = PBXContainerItemProxy;
			containerPortal = CC41C21625DD3FA00057D0C9 /* Project object */;
			proxyType = 1;
			remoteGlobalIDString = CC41C21D25DD3FA10057D0C9;
			remoteInfo = MangoMarvelApp;
		};
/* End PBXContainerItemProxy section */

/* Begin PBXFileReference section */
		CC41C21E25DD3FA10057D0C9 /* MangoMarvelApp.app */ = {isa = PBXFileReference; explicitFileType = wrapper.application; includeInIndex = 0; path = MangoMarvelApp.app; sourceTree = BUILT_PRODUCTS_DIR; };
		CC41C22125DD3FA10057D0C9 /* AppDelegate.swift */ = {isa = PBXFileReference; lastKnownFileType = sourcecode.swift; path = AppDelegate.swift; sourceTree = "<group>"; };
		CC41C22325DD3FA10057D0C9 /* SceneDelegate.swift */ = {isa = PBXFileReference; lastKnownFileType = sourcecode.swift; path = SceneDelegate.swift; sourceTree = "<group>"; };
		CC41C22825DD3FA10057D0C9 /* Base */ = {isa = PBXFileReference; lastKnownFileType = file.storyboard; name = Base; path = Base.lproj/Main.storyboard; sourceTree = "<group>"; };
		CC41C22A25DD3FA30057D0C9 /* Assets.xcassets */ = {isa = PBXFileReference; lastKnownFileType = folder.assetcatalog; path = Assets.xcassets; sourceTree = "<group>"; };
		CC41C22D25DD3FA30057D0C9 /* Base */ = {isa = PBXFileReference; lastKnownFileType = file.storyboard; name = Base; path = Base.lproj/LaunchScreen.storyboard; sourceTree = "<group>"; };
		CC41C22F25DD3FA30057D0C9 /* Info.plist */ = {isa = PBXFileReference; lastKnownFileType = text.plist.xml; path = Info.plist; sourceTree = "<group>"; };
		CC41C23425DD3FA30057D0C9 /* MangoMarvelAppTests.xctest */ = {isa = PBXFileReference; explicitFileType = wrapper.cfbundle; includeInIndex = 0; path = MangoMarvelAppTests.xctest; sourceTree = BUILT_PRODUCTS_DIR; };
		CC41C23825DD3FA30057D0C9 /* MangoMarvelAppTests.swift */ = {isa = PBXFileReference; lastKnownFileType = sourcecode.swift; path = MangoMarvelAppTests.swift; sourceTree = "<group>"; };
		CC41C23A25DD3FA30057D0C9 /* Info.plist */ = {isa = PBXFileReference; lastKnownFileType = text.plist.xml; path = Info.plist; sourceTree = "<group>"; };
		CC41C23F25DD3FA30057D0C9 /* MangoMarvelAppUITests.xctest */ = {isa = PBXFileReference; explicitFileType = wrapper.cfbundle; includeInIndex = 0; path = MangoMarvelAppUITests.xctest; sourceTree = BUILT_PRODUCTS_DIR; };
		CC41C24325DD3FA30057D0C9 /* MangoMarvelAppUITests.swift */ = {isa = PBXFileReference; lastKnownFileType = sourcecode.swift; path = MangoMarvelAppUITests.swift; sourceTree = "<group>"; };
		CC41C24525DD3FA30057D0C9 /* Info.plist */ = {isa = PBXFileReference; lastKnownFileType = text.plist.xml; path = Info.plist; sourceTree = "<group>"; };
		F34FA84529814A9A00E985C7 /* RequestHandler.swift */ = {isa = PBXFileReference; lastKnownFileType = sourcecode.swift; path = RequestHandler.swift; sourceTree = "<group>"; };
		F34FA84729814ACF00E985C7 /* APIErrors.swift */ = {isa = PBXFileReference; lastKnownFileType = sourcecode.swift; path = APIErrors.swift; sourceTree = "<group>"; };
		F34FA84929814C4000E985C7 /* Environment.swift */ = {isa = PBXFileReference; lastKnownFileType = sourcecode.swift; path = Environment.swift; sourceTree = "<group>"; };
		F34FA84B29814DF800E985C7 /* EndpointRepresentable.swift */ = {isa = PBXFileReference; lastKnownFileType = sourcecode.swift; path = EndpointRepresentable.swift; sourceTree = "<group>"; };
		F34FA84D298150CA00E985C7 /* ComicsCollectionViewController.swift */ = {isa = PBXFileReference; lastKnownFileType = sourcecode.swift; path = ComicsCollectionViewController.swift; sourceTree = "<group>"; };
		F34FA850298151D300E985C7 /* ComicsPresenter.swift */ = {isa = PBXFileReference; lastKnownFileType = sourcecode.swift; path = ComicsPresenter.swift; sourceTree = "<group>"; };
		F34FA8522981530F00E985C7 /* ComicsProvider.swift */ = {isa = PBXFileReference; lastKnownFileType = sourcecode.swift; path = ComicsProvider.swift; sourceTree = "<group>"; };
		F34FA854298154B900E985C7 /* ComicsCollectionService.swift */ = {isa = PBXFileReference; lastKnownFileType = sourcecode.swift; path = ComicsCollectionService.swift; sourceTree = "<group>"; };
		F34FA8572981585700E985C7 /* RestClient.swift */ = {isa = PBXFileReference; lastKnownFileType = sourcecode.swift; path = RestClient.swift; sourceTree = "<group>"; };
		F34FA85929815DDE00E985C7 /* ModulesCordinator.swift */ = {isa = PBXFileReference; lastKnownFileType = sourcecode.swift; path = ModulesCordinator.swift; sourceTree = "<group>"; };
		F34FA85B29816E2C00E985C7 /* ComicsEndpoint.swift */ = {isa = PBXFileReference; lastKnownFileType = sourcecode.swift; path = ComicsEndpoint.swift; sourceTree = "<group>"; };
		F34FA85E29816EA100E985C7 /* APIResponse.swift */ = {isa = PBXFileReference; lastKnownFileType = sourcecode.swift; path = APIResponse.swift; sourceTree = "<group>"; };
		F34FA860298180E400E985C7 /* Encrypt.swift */ = {isa = PBXFileReference; lastKnownFileType = sourcecode.swift; path = Encrypt.swift; sourceTree = "<group>"; };
		F34FA8632981904600E985C7 /* ComicCollectionViewCell.swift */ = {isa = PBXFileReference; lastKnownFileType = sourcecode.swift; path = ComicCollectionViewCell.swift; sourceTree = "<group>"; };
		F34FAD442981949800E985C7 /* UIView+extension.swift */ = {isa = PBXFileReference; lastKnownFileType = sourcecode.swift; path = "UIView+extension.swift"; sourceTree = "<group>"; };
		F34FAD482981A52700E985C7 /* ComicDTO.swift */ = {isa = PBXFileReference; lastKnownFileType = sourcecode.swift; path = ComicDTO.swift; sourceTree = "<group>"; };
		F34FAD4C2981BE0800E985C7 /* ImageRemote.swift */ = {isa = PBXFileReference; lastKnownFileType = sourcecode.swift; path = ImageRemote.swift; sourceTree = "<group>"; };
		F34FAD4E2981E08600E985C7 /* InfoCollectionViewCell.swift */ = {isa = PBXFileReference; lastKnownFileType = sourcecode.swift; path = InfoCollectionViewCell.swift; sourceTree = "<group>"; };
		F34FAD522982A09D00E985C7 /* LoadMoreCollectionViewCell.swift */ = {isa = PBXFileReference; lastKnownFileType = sourcecode.swift; path = LoadMoreCollectionViewCell.swift; sourceTree = "<group>"; };
		F34FAD562982DCA000E985C7 /* ComicsProviderTests.swift */ = {isa = PBXFileReference; lastKnownFileType = sourcecode.swift; path = ComicsProviderTests.swift; sourceTree = "<group>"; };
		F34FAD592982DDFC00E985C7 /* ComicsRemoteServiceStub.swift */ = {isa = PBXFileReference; lastKnownFileType = sourcecode.swift; path = ComicsRemoteServiceStub.swift; sourceTree = "<group>"; };
		F34FAD5B29832A5A00E985C7 /* Model+extension.swift */ = {isa = PBXFileReference; lastKnownFileType = sourcecode.swift; path = "Model+extension.swift"; sourceTree = "<group>"; };
		F34FAD5D29832B1400E985C7 /* ComicsStateDelegateStub.swift */ = {isa = PBXFileReference; lastKnownFileType = sourcecode.swift; path = ComicsStateDelegateStub.swift; sourceTree = "<group>"; };
		F34FAD5F29832D1E00E985C7 /* ComicsRemoteServiceTests.swift */ = {isa = PBXFileReference; lastKnownFileType = sourcecode.swift; path = ComicsRemoteServiceTests.swift; sourceTree = "<group>"; };
		F34FAD6229832D9F00E985C7 /* RequestPerformerStub.swift */ = {isa = PBXFileReference; lastKnownFileType = sourcecode.swift; path = RequestPerformerStub.swift; sourceTree = "<group>"; };
		F34FAD64298332F000E985C7 /* ComicsPresenterTests.swift */ = {isa = PBXFileReference; lastKnownFileType = sourcecode.swift; path = ComicsPresenterTests.swift; sourceTree = "<group>"; };
		F34FAD662983337B00E985C7 /* ComicsProviderStub.swift */ = {isa = PBXFileReference; lastKnownFileType = sourcecode.swift; path = ComicsProviderStub.swift; sourceTree = "<group>"; };
		F34FAD6829833CAA00E985C7 /* ModuleCoordinatorTests.swift */ = {isa = PBXFileReference; lastKnownFileType = sourcecode.swift; path = ModuleCoordinatorTests.swift; sourceTree = "<group>"; };
		F34FAD6A29833E5B00E985C7 /* ComicsEndpointTests.swift */ = {isa = PBXFileReference; lastKnownFileType = sourcecode.swift; path = ComicsEndpointTests.swift; sourceTree = "<group>"; };
		F34FAD6D2983BDC900E985C7 /* AppState.swift */ = {isa = PBXFileReference; lastKnownFileType = sourcecode.swift; path = AppState.swift; sourceTree = "<group>"; };
		F34FAD712983BF6800E985C7 /* MangoMarvelApp.xcdatamodel */ = {isa = PBXFileReference; lastKnownFileType = wrapper.xcdatamodel; path = MangoMarvelApp.xcdatamodel; sourceTree = "<group>"; };
		F34FAD732983C00100E985C7 /* FavComicsView.swift */ = {isa = PBXFileReference; lastKnownFileType = sourcecode.swift; path = FavComicsView.swift; sourceTree = "<group>"; };
		F34FAD752983C01700E985C7 /* FavComicViewModel.swift */ = {isa = PBXFileReference; lastKnownFileType = sourcecode.swift; path = FavComicViewModel.swift; sourceTree = "<group>"; };
		F34FAD792983CDA500E985C7 /* ComicCellViewModel.swift */ = {isa = PBXFileReference; lastKnownFileType = sourcecode.swift; path = ComicCellViewModel.swift; sourceTree = "<group>"; };
		F34FAD7C2983E9AE00E985C7 /* ComicsLocalService.swift */ = {isa = PBXFileReference; lastKnownFileType = sourcecode.swift; path = ComicsLocalService.swift; sourceTree = "<group>"; };
		F34FAD802983EA5300E985C7 /* ComicsLocalServiceStub.swift */ = {isa = PBXFileReference; lastKnownFileType = sourcecode.swift; path = ComicsLocalServiceStub.swift; sourceTree = "<group>"; };
		F34FAD822983F4A700E985C7 /* ManagedObjectContextMock.swift */ = {isa = PBXFileReference; lastKnownFileType = sourcecode.swift; path = ManagedObjectContextMock.swift; sourceTree = "<group>"; };
		F34FAD852987BB7900E985C7 /* ComicsResizer.swift */ = {isa = PBXFileReference; lastKnownFileType = sourcecode.swift; path = ComicsResizer.swift; sourceTree = "<group>"; };
		F34FAD872987BCA000E985C7 /* ComicsResizerTests.swift */ = {isa = PBXFileReference; lastKnownFileType = sourcecode.swift; path = ComicsResizerTests.swift; sourceTree = "<group>"; };
/* End PBXFileReference section */

/* Begin PBXFrameworksBuildPhase section */
		CC41C21B25DD3FA10057D0C9 /* Frameworks */ = {
			isa = PBXFrameworksBuildPhase;
			buildActionMask = 2147483647;
			files = (
			);
			runOnlyForDeploymentPostprocessing = 0;
		};
		CC41C23125DD3FA30057D0C9 /* Frameworks */ = {
			isa = PBXFrameworksBuildPhase;
			buildActionMask = 2147483647;
			files = (
			);
			runOnlyForDeploymentPostprocessing = 0;
		};
		CC41C23C25DD3FA30057D0C9 /* Frameworks */ = {
			isa = PBXFrameworksBuildPhase;
			buildActionMask = 2147483647;
			files = (
			);
			runOnlyForDeploymentPostprocessing = 0;
		};
/* End PBXFrameworksBuildPhase section */

/* Begin PBXGroup section */
		CC41C21525DD3FA00057D0C9 = {
			isa = PBXGroup;
			children = (
				CC41C22025DD3FA10057D0C9 /* MangoMarvelApp */,
				CC41C23725DD3FA30057D0C9 /* MangoMarvelAppTests */,
				CC41C24225DD3FA30057D0C9 /* MangoMarvelAppUITests */,
				CC41C21F25DD3FA10057D0C9 /* Products */,
			);
			sourceTree = "<group>";
		};
		CC41C21F25DD3FA10057D0C9 /* Products */ = {
			isa = PBXGroup;
			children = (
				CC41C21E25DD3FA10057D0C9 /* MangoMarvelApp.app */,
				CC41C23425DD3FA30057D0C9 /* MangoMarvelAppTests.xctest */,
				CC41C23F25DD3FA30057D0C9 /* MangoMarvelAppUITests.xctest */,
			);
			name = Products;
			sourceTree = "<group>";
		};
		CC41C22025DD3FA10057D0C9 /* MangoMarvelApp */ = {
			isa = PBXGroup;
			children = (
				F34FA83F298145BA00E985C7 /* Fundation */,
				F34FA840298145C100E985C7 /* Modules */,
				F34FAD8429841DA300E985C7 /* Coodinator */,
				CC41C22125DD3FA10057D0C9 /* AppDelegate.swift */,
				CC41C22325DD3FA10057D0C9 /* SceneDelegate.swift */,
				CC41C22725DD3FA10057D0C9 /* Main.storyboard */,
				CC41C22A25DD3FA30057D0C9 /* Assets.xcassets */,
				CC41C22C25DD3FA30057D0C9 /* LaunchScreen.storyboard */,
				CC41C22F25DD3FA30057D0C9 /* Info.plist */,
			);
			path = MangoMarvelApp;
			sourceTree = "<group>";
		};
		CC41C23725DD3FA30057D0C9 /* MangoMarvelAppTests */ = {
			isa = PBXGroup;
			children = (
				F34FAD6129832D8800E985C7 /* Fundation */,
				F34FAD542982DC4700E985C7 /* Comics */,
				F34FAD6829833CAA00E985C7 /* ModuleCoordinatorTests.swift */,
				CC41C23825DD3FA30057D0C9 /* MangoMarvelAppTests.swift */,
				CC41C23A25DD3FA30057D0C9 /* Info.plist */,
			);
			path = MangoMarvelAppTests;
			sourceTree = "<group>";
		};
		CC41C24225DD3FA30057D0C9 /* MangoMarvelAppUITests */ = {
			isa = PBXGroup;
			children = (
				CC41C24325DD3FA30057D0C9 /* MangoMarvelAppUITests.swift */,
				CC41C24525DD3FA30057D0C9 /* Info.plist */,
			);
			path = MangoMarvelAppUITests;
			sourceTree = "<group>";
		};
		F34FA83F298145BA00E985C7 /* Fundation */ = {
			isa = PBXGroup;
			children = (
				F34FAD6F2983BF2E00E985C7 /* Persistence */,
				F34FA84429814A6A00E985C7 /* Networking */,
				F34FAD432981946900E985C7 /* Extensions */,
				F34FA84929814C4000E985C7 /* Environment.swift */,
				F34FA860298180E400E985C7 /* Encrypt.swift */,
				F34FAD4C2981BE0800E985C7 /* ImageRemote.swift */,
			);
			path = Fundation;
			sourceTree = "<group>";
		};
		F34FA840298145C100E985C7 /* Modules */ = {
			isa = PBXGroup;
			children = (
				F34FA841298145CB00E985C7 /* Comics */,
				F34FAD4E2981E08600E985C7 /* InfoCollectionViewCell.swift */,
				F34FAD522982A09D00E985C7 /* LoadMoreCollectionViewCell.swift */,
				F34FAD6D2983BDC900E985C7 /* AppState.swift */,
			);
			path = Modules;
			sourceTree = "<group>";
		};
		F34FA841298145CB00E985C7 /* Comics */ = {
			isa = PBXGroup;
			children = (
				F34FAD6C2983BD3700E985C7 /* Fav */,
				F34FA842298145E200E985C7 /* Collection */,
				F34FA843298145EE00E985C7 /* Detail */,
			);
			path = Comics;
			sourceTree = "<group>";
		};
		F34FA842298145E200E985C7 /* Collection */ = {
			isa = PBXGroup;
			children = (
				F34FA8622981902200E985C7 /* Cells */,
				F34FA84D298150CA00E985C7 /* ComicsCollectionViewController.swift */,
				F34FA850298151D300E985C7 /* ComicsPresenter.swift */,
				F34FAD792983CDA500E985C7 /* ComicCellViewModel.swift */,
				F34FA8522981530F00E985C7 /* ComicsProvider.swift */,
				F34FAD482981A52700E985C7 /* ComicDTO.swift */,
				F34FAD852987BB7900E985C7 /* ComicsResizer.swift */,
			);
			path = Collection;
			sourceTree = "<group>";
		};
		F34FA843298145EE00E985C7 /* Detail */ = {
			isa = PBXGroup;
			children = (
			);
			path = Detail;
			sourceTree = "<group>";
		};
		F34FA84429814A6A00E985C7 /* Networking */ = {
			isa = PBXGroup;
			children = (
				F34FA85D29816E6D00E985C7 /* Model */,
				F34FA84529814A9A00E985C7 /* RequestHandler.swift */,
				F34FA84729814ACF00E985C7 /* APIErrors.swift */,
				F34FA84B29814DF800E985C7 /* EndpointRepresentable.swift */,
				F34FA8572981585700E985C7 /* RestClient.swift */,
			);
			path = Networking;
			sourceTree = "<group>";
		};
		F34FA856298154CE00E985C7 /* Services */ = {
			isa = PBXGroup;
			children = (
				F34FAD7C2983E9AE00E985C7 /* ComicsLocalService.swift */,
				F34FA854298154B900E985C7 /* ComicsCollectionService.swift */,
				F34FA85B29816E2C00E985C7 /* ComicsEndpoint.swift */,
			);
			path = Services;
			sourceTree = "<group>";
		};
		F34FA85D29816E6D00E985C7 /* Model */ = {
			isa = PBXGroup;
			children = (
				F34FA85E29816EA100E985C7 /* APIResponse.swift */,
			);
			path = Model;
			sourceTree = "<group>";
		};
		F34FA8622981902200E985C7 /* Cells */ = {
			isa = PBXGroup;
			children = (
				F34FA8632981904600E985C7 /* ComicCollectionViewCell.swift */,
			);
			path = Cells;
			sourceTree = "<group>";
		};
		F34FAD432981946900E985C7 /* Extensions */ = {
			isa = PBXGroup;
			children = (
				F34FAD442981949800E985C7 /* UIView+extension.swift */,
			);
			path = Extensions;
			sourceTree = "<group>";
		};
		F34FAD542982DC4700E985C7 /* Comics */ = {
			isa = PBXGroup;
			children = (
				F34FAD892987BD1D00E985C7 /* Stub */,
				F34FAD7E2983EA1600E985C7 /* Fav */,
				F34FAD552982DC4C00E985C7 /* Collection */,
				F34FAD5B29832A5A00E985C7 /* Model+extension.swift */,
			);
			path = Comics;
			sourceTree = "<group>";
		};
		F34FAD552982DC4C00E985C7 /* Collection */ = {
			isa = PBXGroup;
			children = (
				F34FAD582982DDDC00E985C7 /* Stub */,
				F34FAD562982DCA000E985C7 /* ComicsProviderTests.swift */,
				F34FAD5F29832D1E00E985C7 /* ComicsRemoteServiceTests.swift */,
				F34FAD64298332F000E985C7 /* ComicsPresenterTests.swift */,
				F34FAD6A29833E5B00E985C7 /* ComicsEndpointTests.swift */,
				F34FAD872987BCA000E985C7 /* ComicsResizerTests.swift */,
			);
			path = Collection;
			sourceTree = "<group>";
		};
		F34FAD582982DDDC00E985C7 /* Stub */ = {
			isa = PBXGroup;
			children = (
				F34FAD5D29832B1400E985C7 /* ComicsStateDelegateStub.swift */,
				F34FAD662983337B00E985C7 /* ComicsProviderStub.swift */,
			);
			path = Stub;
			sourceTree = "<group>";
		};
		F34FAD6129832D8800E985C7 /* Fundation */ = {
			isa = PBXGroup;
			children = (
				F34FAD6229832D9F00E985C7 /* RequestPerformerStub.swift */,
				F34FAD822983F4A700E985C7 /* ManagedObjectContextMock.swift */,
			);
			path = Fundation;
			sourceTree = "<group>";
		};
		F34FAD6C2983BD3700E985C7 /* Fav */ = {
			isa = PBXGroup;
			children = (
				F34FAD732983C00100E985C7 /* FavComicsView.swift */,
				F34FAD752983C01700E985C7 /* FavComicViewModel.swift */,
			);
			path = Fav;
			sourceTree = "<group>";
		};
		F34FAD6F2983BF2E00E985C7 /* Persistence */ = {
			isa = PBXGroup;
			children = (
				F34FAD702983BF6800E985C7 /* MangoMarvelApp.xcdatamodeld */,
			);
			path = Persistence;
			sourceTree = "<group>";
		};
		F34FAD7E2983EA1600E985C7 /* Fav */ = {
			isa = PBXGroup;
			children = (
				F34FAD7F2983EA1B00E985C7 /* Stub */,
			);
			path = Fav;
			sourceTree = "<group>";
		};
		F34FAD7F2983EA1B00E985C7 /* Stub */ = {
			isa = PBXGroup;
			children = (
			);
			path = Stub;
			sourceTree = "<group>";
		};
		F34FAD8429841DA300E985C7 /* Coodinator */ = {
			isa = PBXGroup;
			children = (
				F34FA856298154CE00E985C7 /* Services */,
				F34FA85929815DDE00E985C7 /* ModulesCordinator.swift */,
			);
			path = Coodinator;
			sourceTree = "<group>";
		};
		F34FAD892987BD1D00E985C7 /* Stub */ = {
			isa = PBXGroup;
			children = (
				F34FAD592982DDFC00E985C7 /* ComicsRemoteServiceStub.swift */,
				F34FAD802983EA5300E985C7 /* ComicsLocalServiceStub.swift */,
			);
			path = Stub;
			sourceTree = "<group>";
		};
/* End PBXGroup section */

/* Begin PBXNativeTarget section */
		CC41C21D25DD3FA10057D0C9 /* MangoMarvelApp */ = {
			isa = PBXNativeTarget;
			buildConfigurationList = CC41C24825DD3FA30057D0C9 /* Build configuration list for PBXNativeTarget "MangoMarvelApp" */;
			buildPhases = (
				CC41C21A25DD3FA10057D0C9 /* Sources */,
				CC41C21B25DD3FA10057D0C9 /* Frameworks */,
				CC41C21C25DD3FA10057D0C9 /* Resources */,
			);
			buildRules = (
			);
			dependencies = (
			);
			name = MangoMarvelApp;
			productName = MangoMarvelApp;
			productReference = CC41C21E25DD3FA10057D0C9 /* MangoMarvelApp.app */;
			productType = "com.apple.product-type.application";
		};
		CC41C23325DD3FA30057D0C9 /* MangoMarvelAppTests */ = {
			isa = PBXNativeTarget;
			buildConfigurationList = CC41C24B25DD3FA30057D0C9 /* Build configuration list for PBXNativeTarget "MangoMarvelAppTests" */;
			buildPhases = (
				CC41C23025DD3FA30057D0C9 /* Sources */,
				CC41C23125DD3FA30057D0C9 /* Frameworks */,
				CC41C23225DD3FA30057D0C9 /* Resources */,
			);
			buildRules = (
			);
			dependencies = (
				CC41C23625DD3FA30057D0C9 /* PBXTargetDependency */,
			);
			name = MangoMarvelAppTests;
			productName = MangoMarvelAppTests;
			productReference = CC41C23425DD3FA30057D0C9 /* MangoMarvelAppTests.xctest */;
			productType = "com.apple.product-type.bundle.unit-test";
		};
		CC41C23E25DD3FA30057D0C9 /* MangoMarvelAppUITests */ = {
			isa = PBXNativeTarget;
			buildConfigurationList = CC41C24E25DD3FA30057D0C9 /* Build configuration list for PBXNativeTarget "MangoMarvelAppUITests" */;
			buildPhases = (
				CC41C23B25DD3FA30057D0C9 /* Sources */,
				CC41C23C25DD3FA30057D0C9 /* Frameworks */,
				CC41C23D25DD3FA30057D0C9 /* Resources */,
			);
			buildRules = (
			);
			dependencies = (
				CC41C24125DD3FA30057D0C9 /* PBXTargetDependency */,
			);
			name = MangoMarvelAppUITests;
			productName = MangoMarvelAppUITests;
			productReference = CC41C23F25DD3FA30057D0C9 /* MangoMarvelAppUITests.xctest */;
			productType = "com.apple.product-type.bundle.ui-testing";
		};
/* End PBXNativeTarget section */

/* Begin PBXProject section */
		CC41C21625DD3FA00057D0C9 /* Project object */ = {
			isa = PBXProject;
			attributes = {
				LastSwiftUpdateCheck = 1240;
				LastUpgradeCheck = 1240;
				TargetAttributes = {
					CC41C21D25DD3FA10057D0C9 = {
						CreatedOnToolsVersion = 12.4;
					};
					CC41C23325DD3FA30057D0C9 = {
						CreatedOnToolsVersion = 12.4;
						TestTargetID = CC41C21D25DD3FA10057D0C9;
					};
					CC41C23E25DD3FA30057D0C9 = {
						CreatedOnToolsVersion = 12.4;
						TestTargetID = CC41C21D25DD3FA10057D0C9;
					};
				};
			};
			buildConfigurationList = CC41C21925DD3FA00057D0C9 /* Build configuration list for PBXProject "MangoMarvelApp" */;
			compatibilityVersion = "Xcode 9.3";
			developmentRegion = en;
			hasScannedForEncodings = 0;
			knownRegions = (
				en,
				Base,
			);
			mainGroup = CC41C21525DD3FA00057D0C9;
			productRefGroup = CC41C21F25DD3FA10057D0C9 /* Products */;
			projectDirPath = "";
			projectRoot = "";
			targets = (
				CC41C21D25DD3FA10057D0C9 /* MangoMarvelApp */,
				CC41C23325DD3FA30057D0C9 /* MangoMarvelAppTests */,
				CC41C23E25DD3FA30057D0C9 /* MangoMarvelAppUITests */,
			);
		};
/* End PBXProject section */

/* Begin PBXResourcesBuildPhase section */
		CC41C21C25DD3FA10057D0C9 /* Resources */ = {
			isa = PBXResourcesBuildPhase;
			buildActionMask = 2147483647;
			files = (
				CC41C22E25DD3FA30057D0C9 /* LaunchScreen.storyboard in Resources */,
				CC41C22B25DD3FA30057D0C9 /* Assets.xcassets in Resources */,
				CC41C22925DD3FA10057D0C9 /* Main.storyboard in Resources */,
			);
			runOnlyForDeploymentPostprocessing = 0;
		};
		CC41C23225DD3FA30057D0C9 /* Resources */ = {
			isa = PBXResourcesBuildPhase;
			buildActionMask = 2147483647;
			files = (
			);
			runOnlyForDeploymentPostprocessing = 0;
		};
		CC41C23D25DD3FA30057D0C9 /* Resources */ = {
			isa = PBXResourcesBuildPhase;
			buildActionMask = 2147483647;
			files = (
			);
			runOnlyForDeploymentPostprocessing = 0;
		};
/* End PBXResourcesBuildPhase section */

/* Begin PBXSourcesBuildPhase section */
		CC41C21A25DD3FA10057D0C9 /* Sources */ = {
			isa = PBXSourcesBuildPhase;
			buildActionMask = 2147483647;
			files = (
				F34FA84E298150CA00E985C7 /* ComicsCollectionViewController.swift in Sources */,
				F34FAD4D2981BE0800E985C7 /* ImageRemote.swift in Sources */,
				F34FAD762983C01700E985C7 /* FavComicViewModel.swift in Sources */,
				F34FA84829814ACF00E985C7 /* APIErrors.swift in Sources */,
				F34FAD6E2983BDC900E985C7 /* AppState.swift in Sources */,
				F34FA84C29814DF800E985C7 /* EndpointRepresentable.swift in Sources */,
				F34FAD7A2983CDA500E985C7 /* ComicCellViewModel.swift in Sources */,
				F34FA84A29814C4000E985C7 /* Environment.swift in Sources */,
				F34FA8582981585700E985C7 /* RestClient.swift in Sources */,
				F34FA855298154B900E985C7 /* ComicsCollectionService.swift in Sources */,
				F34FAD492981A52700E985C7 /* ComicDTO.swift in Sources */,
				F34FAD532982A09D00E985C7 /* LoadMoreCollectionViewCell.swift in Sources */,
				F34FA85A29815DDE00E985C7 /* ModulesCordinator.swift in Sources */,
				F34FA85F29816EA100E985C7 /* APIResponse.swift in Sources */,
				CC41C22225DD3FA10057D0C9 /* AppDelegate.swift in Sources */,
				F34FAD742983C00100E985C7 /* FavComicsView.swift in Sources */,
				F34FA84629814A9A00E985C7 /* RequestHandler.swift in Sources */,
				F34FAD722983BF6800E985C7 /* MangoMarvelApp.xcdatamodeld in Sources */,
				F34FAD7D2983E9AE00E985C7 /* ComicsLocalService.swift in Sources */,
				F34FA851298151D300E985C7 /* ComicsPresenter.swift in Sources */,
				F34FA8532981530F00E985C7 /* ComicsProvider.swift in Sources */,
				F34FA861298180E400E985C7 /* Encrypt.swift in Sources */,
				F34FA85C29816E2C00E985C7 /* ComicsEndpoint.swift in Sources */,
				F34FA8642981904600E985C7 /* ComicCollectionViewCell.swift in Sources */,
				F34FAD862987BB7900E985C7 /* ComicsResizer.swift in Sources */,
				F34FAD452981949800E985C7 /* UIView+extension.swift in Sources */,
				F34FAD4F2981E08600E985C7 /* InfoCollectionViewCell.swift in Sources */,
				CC41C22425DD3FA10057D0C9 /* SceneDelegate.swift in Sources */,
			);
			runOnlyForDeploymentPostprocessing = 0;
		};
		CC41C23025DD3FA30057D0C9 /* Sources */ = {
			isa = PBXSourcesBuildPhase;
			buildActionMask = 2147483647;
			files = (
				F34FAD5E29832B1400E985C7 /* ComicsStateDelegateStub.swift in Sources */,
				F34FAD5A2982DDFC00E985C7 /* ComicsRemoteServiceStub.swift in Sources */,
				F34FAD882987BCA000E985C7 /* ComicsResizerTests.swift in Sources */,
				F34FAD5C29832A5A00E985C7 /* Model+extension.swift in Sources */,
				F34FAD65298332F000E985C7 /* ComicsPresenterTests.swift in Sources */,
				F34FAD812983EA5300E985C7 /* ComicsLocalServiceStub.swift in Sources */,
				F34FAD6329832D9F00E985C7 /* RequestPerformerStub.swift in Sources */,
				F34FAD572982DCA000E985C7 /* ComicsProviderTests.swift in Sources */,
				CC41C23925DD3FA30057D0C9 /* MangoMarvelAppTests.swift in Sources */,
				F34FAD6029832D1E00E985C7 /* ComicsRemoteServiceTests.swift in Sources */,
				F34FAD6B29833E5B00E985C7 /* ComicsEndpointTests.swift in Sources */,
				F34FAD6929833CAA00E985C7 /* ModuleCoordinatorTests.swift in Sources */,
				F34FAD832983F4A700E985C7 /* ManagedObjectContextMock.swift in Sources */,
				F34FAD672983337B00E985C7 /* ComicsProviderStub.swift in Sources */,
			);
			runOnlyForDeploymentPostprocessing = 0;
		};
		CC41C23B25DD3FA30057D0C9 /* Sources */ = {
			isa = PBXSourcesBuildPhase;
			buildActionMask = 2147483647;
			files = (
				CC41C24425DD3FA30057D0C9 /* MangoMarvelAppUITests.swift in Sources */,
			);
			runOnlyForDeploymentPostprocessing = 0;
		};
/* End PBXSourcesBuildPhase section */

/* Begin PBXTargetDependency section */
		CC41C23625DD3FA30057D0C9 /* PBXTargetDependency */ = {
			isa = PBXTargetDependency;
			target = CC41C21D25DD3FA10057D0C9 /* MangoMarvelApp */;
			targetProxy = CC41C23525DD3FA30057D0C9 /* PBXContainerItemProxy */;
		};
		CC41C24125DD3FA30057D0C9 /* PBXTargetDependency */ = {
			isa = PBXTargetDependency;
			target = CC41C21D25DD3FA10057D0C9 /* MangoMarvelApp */;
			targetProxy = CC41C24025DD3FA30057D0C9 /* PBXContainerItemProxy */;
		};
/* End PBXTargetDependency section */

/* Begin PBXVariantGroup section */
		CC41C22725DD3FA10057D0C9 /* Main.storyboard */ = {
			isa = PBXVariantGroup;
			children = (
				CC41C22825DD3FA10057D0C9 /* Base */,
			);
			name = Main.storyboard;
			sourceTree = "<group>";
		};
		CC41C22C25DD3FA30057D0C9 /* LaunchScreen.storyboard */ = {
			isa = PBXVariantGroup;
			children = (
				CC41C22D25DD3FA30057D0C9 /* Base */,
			);
			name = LaunchScreen.storyboard;
			sourceTree = "<group>";
		};
/* End PBXVariantGroup section */

/* Begin XCBuildConfiguration section */
		CC41C24625DD3FA30057D0C9 /* Debug */ = {
			isa = XCBuildConfiguration;
			buildSettings = {
				ALWAYS_SEARCH_USER_PATHS = NO;
				CLANG_ANALYZER_NONNULL = YES;
				CLANG_ANALYZER_NUMBER_OBJECT_CONVERSION = YES_AGGRESSIVE;
				CLANG_CXX_LANGUAGE_STANDARD = "gnu++14";
				CLANG_CXX_LIBRARY = "libc++";
				CLANG_ENABLE_MODULES = YES;
				CLANG_ENABLE_OBJC_ARC = YES;
				CLANG_ENABLE_OBJC_WEAK = YES;
				CLANG_WARN_BLOCK_CAPTURE_AUTORELEASING = YES;
				CLANG_WARN_BOOL_CONVERSION = YES;
				CLANG_WARN_COMMA = YES;
				CLANG_WARN_CONSTANT_CONVERSION = YES;
				CLANG_WARN_DEPRECATED_OBJC_IMPLEMENTATIONS = YES;
				CLANG_WARN_DIRECT_OBJC_ISA_USAGE = YES_ERROR;
				CLANG_WARN_DOCUMENTATION_COMMENTS = YES;
				CLANG_WARN_EMPTY_BODY = YES;
				CLANG_WARN_ENUM_CONVERSION = YES;
				CLANG_WARN_INFINITE_RECURSION = YES;
				CLANG_WARN_INT_CONVERSION = YES;
				CLANG_WARN_NON_LITERAL_NULL_CONVERSION = YES;
				CLANG_WARN_OBJC_IMPLICIT_RETAIN_SELF = YES;
				CLANG_WARN_OBJC_LITERAL_CONVERSION = YES;
				CLANG_WARN_OBJC_ROOT_CLASS = YES_ERROR;
				CLANG_WARN_QUOTED_INCLUDE_IN_FRAMEWORK_HEADER = YES;
				CLANG_WARN_RANGE_LOOP_ANALYSIS = YES;
				CLANG_WARN_STRICT_PROTOTYPES = YES;
				CLANG_WARN_SUSPICIOUS_MOVE = YES;
				CLANG_WARN_UNGUARDED_AVAILABILITY = YES_AGGRESSIVE;
				CLANG_WARN_UNREACHABLE_CODE = YES;
				CLANG_WARN__DUPLICATE_METHOD_MATCH = YES;
				COPY_PHASE_STRIP = NO;
				DEBUG_INFORMATION_FORMAT = dwarf;
				ENABLE_STRICT_OBJC_MSGSEND = YES;
				ENABLE_TESTABILITY = YES;
				GCC_C_LANGUAGE_STANDARD = gnu11;
				GCC_DYNAMIC_NO_PIC = NO;
				GCC_NO_COMMON_BLOCKS = YES;
				GCC_OPTIMIZATION_LEVEL = 0;
				GCC_PREPROCESSOR_DEFINITIONS = (
					"DEBUG=1",
					"$(inherited)",
				);
				GCC_WARN_64_TO_32_BIT_CONVERSION = YES;
				GCC_WARN_ABOUT_RETURN_TYPE = YES_ERROR;
				GCC_WARN_UNDECLARED_SELECTOR = YES;
				GCC_WARN_UNINITIALIZED_AUTOS = YES_AGGRESSIVE;
				GCC_WARN_UNUSED_FUNCTION = YES;
				GCC_WARN_UNUSED_VARIABLE = YES;
				IPHONEOS_DEPLOYMENT_TARGET = 12.1;
				MTL_ENABLE_DEBUG_INFO = INCLUDE_SOURCE;
				MTL_FAST_MATH = YES;
				ONLY_ACTIVE_ARCH = YES;
				SDKROOT = iphoneos;
				SWIFT_ACTIVE_COMPILATION_CONDITIONS = DEBUG;
				SWIFT_OPTIMIZATION_LEVEL = "-Onone";
			};
			name = Debug;
		};
		CC41C24725DD3FA30057D0C9 /* Release */ = {
			isa = XCBuildConfiguration;
			buildSettings = {
				ALWAYS_SEARCH_USER_PATHS = NO;
				CLANG_ANALYZER_NONNULL = YES;
				CLANG_ANALYZER_NUMBER_OBJECT_CONVERSION = YES_AGGRESSIVE;
				CLANG_CXX_LANGUAGE_STANDARD = "gnu++14";
				CLANG_CXX_LIBRARY = "libc++";
				CLANG_ENABLE_MODULES = YES;
				CLANG_ENABLE_OBJC_ARC = YES;
				CLANG_ENABLE_OBJC_WEAK = YES;
				CLANG_WARN_BLOCK_CAPTURE_AUTORELEASING = YES;
				CLANG_WARN_BOOL_CONVERSION = YES;
				CLANG_WARN_COMMA = YES;
				CLANG_WARN_CONSTANT_CONVERSION = YES;
				CLANG_WARN_DEPRECATED_OBJC_IMPLEMENTATIONS = YES;
				CLANG_WARN_DIRECT_OBJC_ISA_USAGE = YES_ERROR;
				CLANG_WARN_DOCUMENTATION_COMMENTS = YES;
				CLANG_WARN_EMPTY_BODY = YES;
				CLANG_WARN_ENUM_CONVERSION = YES;
				CLANG_WARN_INFINITE_RECURSION = YES;
				CLANG_WARN_INT_CONVERSION = YES;
				CLANG_WARN_NON_LITERAL_NULL_CONVERSION = YES;
				CLANG_WARN_OBJC_IMPLICIT_RETAIN_SELF = YES;
				CLANG_WARN_OBJC_LITERAL_CONVERSION = YES;
				CLANG_WARN_OBJC_ROOT_CLASS = YES_ERROR;
				CLANG_WARN_QUOTED_INCLUDE_IN_FRAMEWORK_HEADER = YES;
				CLANG_WARN_RANGE_LOOP_ANALYSIS = YES;
				CLANG_WARN_STRICT_PROTOTYPES = YES;
				CLANG_WARN_SUSPICIOUS_MOVE = YES;
				CLANG_WARN_UNGUARDED_AVAILABILITY = YES_AGGRESSIVE;
				CLANG_WARN_UNREACHABLE_CODE = YES;
				CLANG_WARN__DUPLICATE_METHOD_MATCH = YES;
				COPY_PHASE_STRIP = NO;
				DEBUG_INFORMATION_FORMAT = "dwarf-with-dsym";
				ENABLE_NS_ASSERTIONS = NO;
				ENABLE_STRICT_OBJC_MSGSEND = YES;
				GCC_C_LANGUAGE_STANDARD = gnu11;
				GCC_NO_COMMON_BLOCKS = YES;
				GCC_WARN_64_TO_32_BIT_CONVERSION = YES;
				GCC_WARN_ABOUT_RETURN_TYPE = YES_ERROR;
				GCC_WARN_UNDECLARED_SELECTOR = YES;
				GCC_WARN_UNINITIALIZED_AUTOS = YES_AGGRESSIVE;
				GCC_WARN_UNUSED_FUNCTION = YES;
				GCC_WARN_UNUSED_VARIABLE = YES;
				IPHONEOS_DEPLOYMENT_TARGET = 12.1;
				MTL_ENABLE_DEBUG_INFO = NO;
				MTL_FAST_MATH = YES;
				SDKROOT = iphoneos;
				SWIFT_COMPILATION_MODE = wholemodule;
				SWIFT_OPTIMIZATION_LEVEL = "-O";
				VALIDATE_PRODUCT = YES;
			};
			name = Release;
		};
		CC41C24925DD3FA30057D0C9 /* Debug */ = {
			isa = XCBuildConfiguration;
			buildSettings = {
				ASSETCATALOG_COMPILER_APPICON_NAME = AppIcon;
				ASSETCATALOG_COMPILER_GLOBAL_ACCENT_COLOR_NAME = AccentColor;
				CODE_SIGN_STYLE = Automatic;
				DEVELOPMENT_TEAM = 4V75V87SH9;
				INFOPLIST_FILE = MangoMarvelApp/Info.plist;
				IPHONEOS_DEPLOYMENT_TARGET = 13.0;
				LD_RUNPATH_SEARCH_PATHS = (
					"$(inherited)",
					"@executable_path/Frameworks",
				);
				PRODUCT_BUNDLE_IDENTIFIER = com.mapps.MangoMarvelApp;
				PRODUCT_NAME = "$(TARGET_NAME)";
				SWIFT_VERSION = 5.0;
				TARGETED_DEVICE_FAMILY = "1,2";
			};
			name = Debug;
		};
		CC41C24A25DD3FA30057D0C9 /* Release */ = {
			isa = XCBuildConfiguration;
			buildSettings = {
				ASSETCATALOG_COMPILER_APPICON_NAME = AppIcon;
				ASSETCATALOG_COMPILER_GLOBAL_ACCENT_COLOR_NAME = AccentColor;
				CODE_SIGN_STYLE = Automatic;
				DEVELOPMENT_TEAM = 4V75V87SH9;
				INFOPLIST_FILE = MangoMarvelApp/Info.plist;
				IPHONEOS_DEPLOYMENT_TARGET = 13.0;
				LD_RUNPATH_SEARCH_PATHS = (
					"$(inherited)",
					"@executable_path/Frameworks",
				);
				PRODUCT_BUNDLE_IDENTIFIER = com.mapps.MangoMarvelApp;
				PRODUCT_NAME = "$(TARGET_NAME)";
				SWIFT_VERSION = 5.0;
				TARGETED_DEVICE_FAMILY = "1,2";
			};
			name = Release;
		};
		CC41C24C25DD3FA30057D0C9 /* Debug */ = {
			isa = XCBuildConfiguration;
			buildSettings = {
				ALWAYS_EMBED_SWIFT_STANDARD_LIBRARIES = YES;
				BUNDLE_LOADER = "$(TEST_HOST)";
				CODE_SIGN_STYLE = Automatic;
				DEVELOPMENT_TEAM = 4V75V87SH9;
				INFOPLIST_FILE = MangoMarvelAppTests/Info.plist;
				IPHONEOS_DEPLOYMENT_TARGET = 14.4;
				LD_RUNPATH_SEARCH_PATHS = (
					"$(inherited)",
					"@executable_path/Frameworks",
					"@loader_path/Frameworks",
				);
				PRODUCT_BUNDLE_IDENTIFIER = com.mapps.MangoMarvelAppTests;
				PRODUCT_NAME = "$(TARGET_NAME)";
				SWIFT_VERSION = 5.0;
				TARGETED_DEVICE_FAMILY = "1,2";
				TEST_HOST = "$(BUILT_PRODUCTS_DIR)/MangoMarvelApp.app/MangoMarvelApp";
			};
			name = Debug;
		};
		CC41C24D25DD3FA30057D0C9 /* Release */ = {
			isa = XCBuildConfiguration;
			buildSettings = {
				ALWAYS_EMBED_SWIFT_STANDARD_LIBRARIES = YES;
				BUNDLE_LOADER = "$(TEST_HOST)";
				CODE_SIGN_STYLE = Automatic;
				DEVELOPMENT_TEAM = 4V75V87SH9;
				INFOPLIST_FILE = MangoMarvelAppTests/Info.plist;
				IPHONEOS_DEPLOYMENT_TARGET = 14.4;
				LD_RUNPATH_SEARCH_PATHS = (
					"$(inherited)",
					"@executable_path/Frameworks",
					"@loader_path/Frameworks",
				);
				PRODUCT_BUNDLE_IDENTIFIER = com.mapps.MangoMarvelAppTests;
				PRODUCT_NAME = "$(TARGET_NAME)";
				SWIFT_VERSION = 5.0;
				TARGETED_DEVICE_FAMILY = "1,2";
				TEST_HOST = "$(BUILT_PRODUCTS_DIR)/MangoMarvelApp.app/MangoMarvelApp";
			};
			name = Release;
		};
		CC41C24F25DD3FA30057D0C9 /* Debug */ = {
			isa = XCBuildConfiguration;
			buildSettings = {
				ALWAYS_EMBED_SWIFT_STANDARD_LIBRARIES = YES;
				CODE_SIGN_STYLE = Automatic;
				DEVELOPMENT_TEAM = 4V75V87SH9;
				INFOPLIST_FILE = MangoMarvelAppUITests/Info.plist;
				LD_RUNPATH_SEARCH_PATHS = (
					"$(inherited)",
					"@executable_path/Frameworks",
					"@loader_path/Frameworks",
				);
				PRODUCT_BUNDLE_IDENTIFIER = com.mapps.MangoMarvelAppUITests;
				PRODUCT_NAME = "$(TARGET_NAME)";
				SWIFT_VERSION = 5.0;
				TARGETED_DEVICE_FAMILY = "1,2";
				TEST_TARGET_NAME = MangoMarvelApp;
			};
			name = Debug;
		};
		CC41C25025DD3FA30057D0C9 /* Release */ = {
			isa = XCBuildConfiguration;
			buildSettings = {
				ALWAYS_EMBED_SWIFT_STANDARD_LIBRARIES = YES;
				CODE_SIGN_STYLE = Automatic;
				DEVELOPMENT_TEAM = 4V75V87SH9;
				INFOPLIST_FILE = MangoMarvelAppUITests/Info.plist;
				LD_RUNPATH_SEARCH_PATHS = (
					"$(inherited)",
					"@executable_path/Frameworks",
					"@loader_path/Frameworks",
				);
				PRODUCT_BUNDLE_IDENTIFIER = com.mapps.MangoMarvelAppUITests;
				PRODUCT_NAME = "$(TARGET_NAME)";
				SWIFT_VERSION = 5.0;
				TARGETED_DEVICE_FAMILY = "1,2";
				TEST_TARGET_NAME = MangoMarvelApp;
			};
			name = Release;
		};
/* End XCBuildConfiguration section */

/* Begin XCConfigurationList section */
		CC41C21925DD3FA00057D0C9 /* Build configuration list for PBXProject "MangoMarvelApp" */ = {
			isa = XCConfigurationList;
			buildConfigurations = (
				CC41C24625DD3FA30057D0C9 /* Debug */,
				CC41C24725DD3FA30057D0C9 /* Release */,
			);
			defaultConfigurationIsVisible = 0;
			defaultConfigurationName = Release;
		};
		CC41C24825DD3FA30057D0C9 /* Build configuration list for PBXNativeTarget "MangoMarvelApp" */ = {
			isa = XCConfigurationList;
			buildConfigurations = (
				CC41C24925DD3FA30057D0C9 /* Debug */,
				CC41C24A25DD3FA30057D0C9 /* Release */,
			);
			defaultConfigurationIsVisible = 0;
			defaultConfigurationName = Release;
		};
		CC41C24B25DD3FA30057D0C9 /* Build configuration list for PBXNativeTarget "MangoMarvelAppTests" */ = {
			isa = XCConfigurationList;
			buildConfigurations = (
				CC41C24C25DD3FA30057D0C9 /* Debug */,
				CC41C24D25DD3FA30057D0C9 /* Release */,
			);
			defaultConfigurationIsVisible = 0;
			defaultConfigurationName = Release;
		};
		CC41C24E25DD3FA30057D0C9 /* Build configuration list for PBXNativeTarget "MangoMarvelAppUITests" */ = {
			isa = XCConfigurationList;
			buildConfigurations = (
				CC41C24F25DD3FA30057D0C9 /* Debug */,
				CC41C25025DD3FA30057D0C9 /* Release */,
			);
			defaultConfigurationIsVisible = 0;
			defaultConfigurationName = Release;
		};
/* End XCConfigurationList section */

/* Begin XCVersionGroup section */
		F34FAD702983BF6800E985C7 /* MangoMarvelApp.xcdatamodeld */ = {
			isa = XCVersionGroup;
			children = (
				F34FAD712983BF6800E985C7 /* MangoMarvelApp.xcdatamodel */,
			);
			currentVersion = F34FAD712983BF6800E985C7 /* MangoMarvelApp.xcdatamodel */;
			path = MangoMarvelApp.xcdatamodeld;
			sourceTree = "<group>";
			versionGroupType = wrapper.xcdatamodel;
		};
/* End XCVersionGroup section */
	};
	rootObject = CC41C21625DD3FA00057D0C9 /* Project object */;
}
